
Microsoft Visual Studio Solution File, Format Version 12.00
# Visual Studio Version 17
VisualStudioVersion = 17.9.34616.47
MinimumVisualStudioVersion = 10.0.40219.1
Project("{8BC9CEB8-8B4A-11D0-8D11-00A0C91BC942}") = "Parameter", "Parameter\Parameter.vcxproj", "{C41D2A21-2887-4867-A154-6EF32DA24C71}"
EndProject
Project("{8BC9CEB8-8B4A-11D0-8D11-00A0C91BC942}") = "Switch", "Switch\Switch.vcxproj", "{BC4FB603-089D-4898-B6DD-8D12EB704C78}"
EndProject
Global
	GlobalSection(SolutionConfigurationPlatforms) = preSolution
		Debug|x64 = Debug|x64
		Debug|x86 = Debug|x86
		Release|x64 = Release|x64
		Release|x86 = Release|x86
	EndGlobalSection
	GlobalSection(ProjectConfigurationPlatforms) = postSolution
		{C41D2A21-2887-4867-A154-6EF32DA24C71}.Debug|x64.ActiveCfg = Debug|x64
		{C41D2A21-2887-4867-A154-6EF32DA24C71}.Debug|x64.Build.0 = Debug|x64
		{C41D2A21-2887-4867-A154-6EF32DA24C71}.Debug|x86.ActiveCfg = Debug|Win32
		{C41D2A21-2887-4867-A154-6EF32DA24C71}.Debug|x86.Build.0 = Debug|Win32
		{C41D2A21-2887-4867-A154-6EF32DA24C71}.Release|x64.ActiveCfg = Release|x64
		{C41D2A21-2887-4867-A154-6EF32DA24C71}.Release|x64.Build.0 = Release|x64
		{C41D2A21-2887-4867-A154-6EF32DA24C71}.Release|x86.ActiveCfg = Release|Win32
		{C41D2A21-2887-4867-A154-6EF32DA24C71}.Release|x86.Build.0 = Release|Win32
		{BC4FB603-089D-4898-B6DD-8D12EB704C78}.Debug|x64.ActiveCfg = Debug|x64
		{BC4FB603-089D-4898-B6DD-8D12EB704C78}.Debug|x64.Build.0 = Debug|x64
		{BC4FB603-089D-4898-B6DD-8D12EB704C78}.Debug|x86.ActiveCfg = Debug|Win32
		{BC4FB603-089D-4898-B6DD-8D12EB704C78}.Debug|x86.Build.0 = Debug|Win32
		{BC4FB603-089D-4898-B6DD-8D12EB704C78}.Release|x64.ActiveCfg = Release|x64
		{BC4FB603-089D-4898-B6DD-8D12EB704C78}.Release|x64.Build.0 = Release|x64
		{BC4FB603-089D-4898-B6DD-8D12EB704C78}.Release|x86.ActiveCfg = Release|Win32
		{BC4FB603-089D-4898-B6DD-8D12EB704C78}.Release|x86.Build.0 = Release|Win32
	EndGlobalSection
	GlobalSection(SolutionProperties) = preSolution
		HideSolutionNode = FALSE
	EndGlobalSection
	GlobalSection(ExtensibilityGlobals) = postSolution
		SolutionGuid = {D135FAFA-48BE-4427-A99B-3C122D3D0051}
	EndGlobalSection
EndGlobal
